
Microsoft Visual Studio Solution File, Format Version 12.00
# Visual Studio 15
VisualStudioVersion = 15.0.28307.572
MinimumVisualStudioVersion = 10.0.40219.1
Project("{FAE04EC0-301F-11D3-BF4B-00C04F79EFBC}") = "200416891-Lesson1", "200416891-Lesson1\200416891-Lesson1.csproj", "{091C13FD-1F3D-4ED2-80D5-C6D7870BE9C6}"
EndProject
Global
	GlobalSection(SolutionConfigurationPlatforms) = preSolution
		Debug|Any CPU = Debug|Any CPU
		Release|Any CPU = Release|Any CPU
	EndGlobalSection
	GlobalSection(ProjectConfigurationPlatforms) = postSolution
		{091C13FD-1F3D-4ED2-80D5-C6D7870BE9C6}.Debug|Any CPU.ActiveCfg = Debug|Any CPU
		{091C13FD-1F3D-4ED2-80D5-C6D7870BE9C6}.Debug|Any CPU.Build.0 = Debug|Any CPU
		{091C13FD-1F3D-4ED2-80D5-C6D7870BE9C6}.Release|Any CPU.ActiveCfg = Release|Any CPU
		{091C13FD-1F3D-4ED2-80D5-C6D7870BE9C6}.Release|Any CPU.Build.0 = Release|Any CPU
	EndGlobalSection
	GlobalSection(SolutionProperties) = preSolution
		HideSolutionNode = FALSE
	EndGlobalSection
	GlobalSection(ExtensibilityGlobals) = postSolution
		SolutionGuid = {E2D7B0AC-5BDB-44CE-A159-24944F12D51D}
	EndGlobalSection
EndGlobal
